version: v2
locks:
  f/actual_up/actual_client: e80f15bc3f2700cc78ed38af20995f24edc1f5300d239e168eb25634295ee32e
  f/actual_up/config: 5ca5d2ffd712d5288c34890aa66ea88288900c5883a9f2275a7bd4c2dd031b20
  f/actual_up/discover: 5d022724040f9764df723e3f57c11caed99c3ae0bdb70a13b69d19acb1d0afa3
  f/actual_up/manage_webhook: 5893110b35c527c3eaa76b1233d51991cb1a924622b6b359cce789af6f325306
  f/actual_up/operator__raw_app+__app_hash: 0d2be2b6579d8c4b7984a3d15ea3eb3d291bc53bace483d83f567a4859791047
  f/actual_up/operator__raw_app+action.ts: 57b5237b0f3ea97b65fa69db48d511fd0ae4360f3dc1b49aaa89c8304e85afad
  f/actual_up/operator__raw_app+status.ts: 38dbe0a86d2c47f61a3ba11de492132118d09b3da7ec9a3ee051b5926569668f
  f/actual_up/runtime: 8ee0ce1b833fb4e9bf55b5d77c533820a167a0ebe6a54aa31963766c64dc23d4
  f/actual_up/status: a8255a545fe43aefb69fd1b5a91ca9520106aa7e199542cbca79e065154a5946
  f/actual_up/sync: d0a9a517bd3819d0b083f56877e2c8cf5abb83d99481c0e77d723f58f3bea686
  f/actual_up/sync_engine: 3dd15dc9083868b0466c409a9ec1be701436b52163e785d1b01c983c4b2843bf
  f/actual_up/types: 187a9b57dec52b60576eea64fd7df1e0dc967e6083851f3ce24dbb4b572d9b0e
  f/actual_up/up_client: 563bb859344de2babaa9d57c892f7489e415bb47ed80e2fa46dbace49a4e7777
  f/actual_up/validate: e8004c14968ac0301d2df8664908760af451987ba0666cfe37e34ff1f7710da7
  f/actual_up/webhook: c19829686b8dc7f6029202f83c84fb02c699f8bd56e8a8783f7cf107eba440a2
  f/actual_up/webhook_verify: 02dd792f0b8637fbbfef61a1e52d7134016cb30fcacfed3c96fa84863ef68e71
