{
  "dependencies": {
    "windmill-client": "1.792.0",
    "zod": "4.4.3"
  }
}
//bun.lock
{
  "lockfileVersion": 1,
  "configVersion": 1,
  "workspaces": {
    "": {
      "dependencies": {
        "windmill-client": "1.792.0",
        "zod": "4.4.3",
      },
    },
  },
  "packages": {
    "windmill-client": ["windmill-client@1.792.0", "", {}, "sha512-bCiNyGzojxid5bAFU4bJZPNODEGSrSirD8t1SM3MrFVfKGl3Y8wKaSGVC/xtfoVQ3xHWRffu12lC5Dm/grlZzQ=="],

    "zod": ["zod@4.4.3", "", {}, "sha512-ytENFjIJFl2UwYglde2jchW2Hwm4GJFLDiSXWdTrJQBIN9Fcyp7n4DhxJEiWNAJMV1/BqWfW/kkg71UDcHJyTQ=="],
  }
}
