{
  "dependencies": {
    "windmill-client": "latest"
  }
}
//bun.lock
{
  "lockfileVersion": 1,
  "configVersion": 1,
  "workspaces": {
    "": {
      "dependencies": {
        "windmill-client": "latest",
      },
    },
  },
  "packages": {
    "windmill-client": ["windmill-client@1.795.0", "", {}, "sha512-Ay6v0lQJPpD6VhtHezv/vRhHuDRfV53gRNlxj7FK18eqWTfyJvx79ktmMJOuF1YFxwEdOK8m1VF2+WK1zhwDhw=="],
  }
}
